
Microsoft Visual Studio Solution File, Format Version 12.00
# Visual Studio Version 17
VisualStudioVersion = 17.9.34622.214
MinimumVisualStudioVersion = 10.0.40219.1
Project("{FAE04EC0-301F-11D3-BF4B-00C04F79EFBC}") = "DomaciSB1.3", "DomaciSB1.3.csproj", "{84AACA8E-9EB5-43D2-8093-C46B0A21FC56}"
EndProject
Global
	GlobalSection(SolutionConfigurationPlatforms) = preSolution
		Debug|Any CPU = Debug|Any CPU
		Release|Any CPU = Release|Any CPU
	EndGlobalSection
	GlobalSection(ProjectConfigurationPlatforms) = postSolution
		{84AACA8E-9EB5-43D2-8093-C46B0A21FC56}.Debug|Any CPU.ActiveCfg = Debug|Any CPU
		{84AACA8E-9EB5-43D2-8093-C46B0A21FC56}.Debug|Any CPU.Build.0 = Debug|Any CPU
		{84AACA8E-9EB5-43D2-8093-C46B0A21FC56}.Release|Any CPU.ActiveCfg = Release|Any CPU
		{84AACA8E-9EB5-43D2-8093-C46B0A21FC56}.Release|Any CPU.Build.0 = Release|Any CPU
	EndGlobalSection
	GlobalSection(SolutionProperties) = preSolution
		HideSolutionNode = FALSE
	EndGlobalSection
	GlobalSection(ExtensibilityGlobals) = postSolution
		SolutionGuid = {1D9EE969-C28D-4A11-BDAD-56DDB76A111D}
	EndGlobalSection
EndGlobal
